
Microsoft Visual Studio Solution File, Format Version 12.00
# Visual Studio 2012
Project("{FAE04EC0-301F-11D3-BF4B-00C04F79EFBC}") = "BasicProducer", "BasicProducer\BasicProducer.csproj", "{B8BFBFC3-1DEB-4509-8487-DADB179788DA}"
EndProject
Global
	GlobalSection(SolutionConfigurationPlatforms) = preSolution
		Debug|Any CPU = Debug|Any CPU
		Release|Any CPU = Release|Any CPU
	EndGlobalSection
	GlobalSection(ProjectConfigurationPlatforms) = postSolution
		{B8BFBFC3-1DEB-4509-8487-DADB179788DA}.Debug|Any CPU.ActiveCfg = Debug|Any CPU
		{B8BFBFC3-1DEB-4509-8487-DADB179788DA}.Debug|Any CPU.Build.0 = Debug|Any CPU
		{B8BFBFC3-1DEB-4509-8487-DADB179788DA}.Release|Any CPU.ActiveCfg = Release|Any CPU
		{B8BFBFC3-1DEB-4509-8487-DADB179788DA}.Release|Any CPU.Build.0 = Release|Any CPU
	EndGlobalSection
EndGlobal
